{
  "name": "ngx-query-builder",
  "version": "1.1.0",
  "lockfileVersion": 2,
  "requires": true,
  "packages": {
    "": {
      "name": "ngx-query-builder",
      "version": "1.1.0",
      "license": "MIT",
      "dependencies": {
        "tslib": "^2.3.1"
      },
      "peerDependencies": {
        "@angular/common": "^20.3.2",
        "@angular/core": "^20.3.2",
        "@angular/forms": "^20.3.2",
        "@angular/material": "^20.2.5"
      }
    },
    "node_modules/@angular/cdk": {
      "version": "20.2.5",
      "resolved": "https://registry.npmjs.org/@angular/cdk/-/cdk-20.2.5.tgz",
      "integrity": "sha512-1cpR/5jeKXLR1D+PsEvRn0QhSWD3/AjtbugJF5nlx/7L90YXhNFCmNAxAkdFKSn4YIDoPwMHgvOpS7yb51wohQ==",
      "license": "MIT",
      "peer": true,
      "dependencies": {
        "parse5": "^8.0.0",
        "tslib": "^2.3.0"
      },
      "peerDependencies": {
        "@angular/common": "^20.0.0 || ^21.0.0",
        "@angular/core": "^20.0.0 || ^21.0.0",
        "rxjs": "^6.5.3 || ^7.4.0"
      }
    },
    "node_modules/@angular/common": {
      "version": "20.3.2",
      "resolved": "https://registry.npmjs.org/@angular/common/-/common-20.3.2.tgz",
      "integrity": "sha512-5V9AzLhCA1dNhF+mvihmdHoZHbEhIb1jNYRA1/JMheR+G7NR8Mznu6RmWaKSWZ4AJeSJN8rizWN2wpVPWTKjSQ==",
      "license": "MIT",
      "peer": true,
      "dependencies": {
        "tslib": "^2.3.0"
      },
      "engines": {
        "node": "^20.19.0 || ^22.12.0 || >=24.0.0"
      },
      "peerDependencies": {
        "@angular/core": "20.3.2",
        "rxjs": "^6.5.3 || ^7.4.0"
      }
    },
    "node_modules/@angular/core": {
      "version": "20.3.2",
      "resolved": "https://registry.npmjs.org/@angular/core/-/core-20.3.2.tgz",
      "integrity": "sha512-88uPgs5LjtnywnQaZE2ShBb1wa8IuD6jWs4nc4feo32QdBc55tjebTBFJSHbi3mUVAp0eS4wI6ITo0YIb01H4g==",
      "license": "MIT",
      "peer": true,
      "dependencies": {
        "tslib": "^2.3.0"
      },
      "engines": {
        "node": "^20.19.0 || ^22.12.0 || >=24.0.0"
      },
      "peerDependencies": {
        "@angular/compiler": "20.3.2",
        "rxjs": "^6.5.3 || ^7.4.0",
        "zone.js": "~0.15.0"
      },
      "peerDependenciesMeta": {
        "@angular/compiler": {
          "optional": true
        },
        "zone.js": {
          "optional": true
        }
      }
    },
    "node_modules/@angular/forms": {
      "version": "20.3.2",
      "resolved": "https://registry.npmjs.org/@angular/forms/-/forms-20.3.2.tgz",
      "integrity": "sha512-ECIbtwc7n9fPbiZXZVaoZpSiOksgcNbZ27oUN9BT7EmoXRzBw6yDL2UX6Ig7pEKhQGyBkKB+TMerRwTDVkkCWg==",
      "license": "MIT",
      "peer": true,
      "dependencies": {
        "tslib": "^2.3.0"
      },
      "engines": {
        "node": "^20.19.0 || ^22.12.0 || >=24.0.0"
      },
      "peerDependencies": {
        "@angular/common": "20.3.2",
        "@angular/core": "20.3.2",
        "@angular/platform-browser": "20.3.2",
        "rxjs": "^6.5.3 || ^7.4.0"
      }
    },
    "node_modules/@angular/material": {
      "version": "20.2.5",
      "resolved": "https://registry.npmjs.org/@angular/material/-/material-20.2.5.tgz",
      "integrity": "sha512-zgmHqPykH3InEsVmNSpcVicXLWcYKHIt9Nv/J86K3NZDw4/IQgpfujnr7IotLwc9VpgI4Cl7Jbo95tFVFQAYmw==",
      "license": "MIT",
      "peer": true,
      "dependencies": {
        "tslib": "^2.3.0"
      },
      "peerDependencies": {
        "@angular/cdk": "20.2.5",
        "@angular/common": "^20.0.0 || ^21.0.0",
        "@angular/core": "^20.0.0 || ^21.0.0",
        "@angular/forms": "^20.0.0 || ^21.0.0",
        "@angular/platform-browser": "^20.0.0 || ^21.0.0",
        "rxjs": "^6.5.3 || ^7.4.0"
      }
    },
    "node_modules/@angular/platform-browser": {
      "version": "20.3.2",
      "resolved": "https://registry.npmjs.org/@angular/platform-browser/-/platform-browser-20.3.2.tgz",
      "integrity": "sha512-d9XcT2UuWZCc0UOtkCcPEnMcOFKNczahamT/Izg3H9jLS3IcT6l0ry23d/Xf0DRwhLYQdOZiG7l8HMZ1sWPMOg==",
      "license": "MIT",
      "peer": true,
      "dependencies": {
        "tslib": "^2.3.0"
      },
      "engines": {
        "node": "^20.19.0 || ^22.12.0 || >=24.0.0"
      },
      "peerDependencies": {
        "@angular/animations": "20.3.2",
        "@angular/common": "20.3.2",
        "@angular/core": "20.3.2"
      },
      "peerDependenciesMeta": {
        "@angular/animations": {
          "optional": true
        }
      }
    },
    "node_modules/entities": {
      "version": "6.0.1",
      "resolved": "https://registry.npmjs.org/entities/-/entities-6.0.1.tgz",
      "integrity": "sha512-aN97NXWF6AWBTahfVOIrB/NShkzi5H7F9r1s9mD3cDj4Ko5f2qhhVoYMibXF7GlLveb/D2ioWay8lxI97Ven3g==",
      "license": "BSD-2-Clause",
      "peer": true,
      "engines": {
        "node": ">=0.12"
      },
      "funding": {
        "url": "https://github.com/fb55/entities?sponsor=1"
      }
    },
    "node_modules/parse5": {
      "version": "8.0.0",
      "resolved": "https://registry.npmjs.org/parse5/-/parse5-8.0.0.tgz",
      "integrity": "sha512-9m4m5GSgXjL4AjumKzq1Fgfp3Z8rsvjRNbnkVwfu2ImRqE5D0LnY2QfDen18FSY9C573YU5XxSapdHZTZ2WolA==",
      "license": "MIT",
      "peer": true,
      "dependencies": {
        "entities": "^6.0.0"
      },
      "funding": {
        "url": "https://github.com/inikulin/parse5?sponsor=1"
      }
    },
    "node_modules/rxjs": {
      "version": "7.5.5",
      "resolved": "https://registry.npmjs.org/rxjs/-/rxjs-7.5.5.tgz",
      "integrity": "sha512-sy+H0pQofO95VDmFLzyaw9xNJU4KTRSwQIGM6+iG3SypAtCiLDzpeG8sJrNCWn2Up9km+KhkvTdbkrdy+yzZdw==",
      "peer": true,
      "dependencies": {
        "tslib": "^2.1.0"
      }
    },
    "node_modules/tslib": {
      "version": "2.3.1",
      "resolved": "https://registry.npmjs.org/tslib/-/tslib-2.3.1.tgz",
      "integrity": "sha512-77EbyPPpMz+FRFRuAFlWMtmgUWGe9UOG2Z25NqCwiIjRhOf5iKGuzSe5P2w1laq+FkRy4p+PCuVkJSGkzTEKVw=="
    }
  },
  "dependencies": {
    "@angular/cdk": {
      "version": "20.2.5",
      "resolved": "https://registry.npmjs.org/@angular/cdk/-/cdk-20.2.5.tgz",
      "integrity": "sha512-1cpR/5jeKXLR1D+PsEvRn0QhSWD3/AjtbugJF5nlx/7L90YXhNFCmNAxAkdFKSn4YIDoPwMHgvOpS7yb51wohQ==",
      "peer": true,
      "requires": {
        "parse5": "^8.0.0",
        "tslib": "^2.3.0"
      }
    },
    "@angular/common": {
      "version": "20.3.2",
      "resolved": "https://registry.npmjs.org/@angular/common/-/common-20.3.2.tgz",
      "integrity": "sha512-5V9AzLhCA1dNhF+mvihmdHoZHbEhIb1jNYRA1/JMheR+G7NR8Mznu6RmWaKSWZ4AJeSJN8rizWN2wpVPWTKjSQ==",
      "peer": true,
      "requires": {
        "tslib": "^2.3.0"
      }
    },
    "@angular/core": {
      "version": "20.3.2",
      "resolved": "https://registry.npmjs.org/@angular/core/-/core-20.3.2.tgz",
      "integrity": "sha512-88uPgs5LjtnywnQaZE2ShBb1wa8IuD6jWs4nc4feo32QdBc55tjebTBFJSHbi3mUVAp0eS4wI6ITo0YIb01H4g==",
      "peer": true,
      "requires": {
        "tslib": "^2.3.0"
      }
    },
    "@angular/forms": {
      "version": "20.3.2",
      "resolved": "https://registry.npmjs.org/@angular/forms/-/forms-20.3.2.tgz",
      "integrity": "sha512-ECIbtwc7n9fPbiZXZVaoZpSiOksgcNbZ27oUN9BT7EmoXRzBw6yDL2UX6Ig7pEKhQGyBkKB+TMerRwTDVkkCWg==",
      "peer": true,
      "requires": {
        "tslib": "^2.3.0"
      }
    },
    "@angular/material": {
      "version": "20.2.5",
      "resolved": "https://registry.npmjs.org/@angular/material/-/material-20.2.5.tgz",
      "integrity": "sha512-zgmHqPykH3InEsVmNSpcVicXLWcYKHIt9Nv/J86K3NZDw4/IQgpfujnr7IotLwc9VpgI4Cl7Jbo95tFVFQAYmw==",
      "peer": true,
      "requires": {
        "tslib": "^2.3.0"
      }
    },
    "@angular/platform-browser": {
      "version": "20.3.2",
      "resolved": "https://registry.npmjs.org/@angular/platform-browser/-/platform-browser-20.3.2.tgz",
      "integrity": "sha512-d9XcT2UuWZCc0UOtkCcPEnMcOFKNczahamT/Izg3H9jLS3IcT6l0ry23d/Xf0DRwhLYQdOZiG7l8HMZ1sWPMOg==",
      "peer": true,
      "requires": {
        "tslib": "^2.3.0"
      }
    },
    "entities": {
      "version": "6.0.1",
      "resolved": "https://registry.npmjs.org/entities/-/entities-6.0.1.tgz",
      "integrity": "sha512-aN97NXWF6AWBTahfVOIrB/NShkzi5H7F9r1s9mD3cDj4Ko5f2qhhVoYMibXF7GlLveb/D2ioWay8lxI97Ven3g==",
      "peer": true
    },
    "parse5": {
      "version": "8.0.0",
      "resolved": "https://registry.npmjs.org/parse5/-/parse5-8.0.0.tgz",
      "integrity": "sha512-9m4m5GSgXjL4AjumKzq1Fgfp3Z8rsvjRNbnkVwfu2ImRqE5D0LnY2QfDen18FSY9C573YU5XxSapdHZTZ2WolA==",
      "peer": true,
      "requires": {
        "entities": "^6.0.0"
      }
    },
    "rxjs": {
      "version": "7.5.5",
      "resolved": "https://registry.npmjs.org/rxjs/-/rxjs-7.5.5.tgz",
      "integrity": "sha512-sy+H0pQofO95VDmFLzyaw9xNJU4KTRSwQIGM6+iG3SypAtCiLDzpeG8sJrNCWn2Up9km+KhkvTdbkrdy+yzZdw==",
      "peer": true,
      "requires": {
        "tslib": "^2.1.0"
      }
    },
    "tslib": {
      "version": "2.3.1",
      "resolved": "https://registry.npmjs.org/tslib/-/tslib-2.3.1.tgz",
      "integrity": "sha512-77EbyPPpMz+FRFRuAFlWMtmgUWGe9UOG2Z25NqCwiIjRhOf5iKGuzSe5P2w1laq+FkRy4p+PCuVkJSGkzTEKVw=="
    }
  }
}
